// !$*UTF8*$!
{
	archiveVersion = 1;
	classes = {
	};
	objectVersion = 46;
	objects = {

/* Begin PBXBuildFile section */
		C8E9C2B71CC722D20008B0EF /* AppDelegate.swift in Sources */ = {isa = PBXBuildFile; fileRef = C8E9C2B61CC722D20008B0EF /* AppDelegate.swift */; };
		C8E9C2B91CC722D20008B0EF /* ViewController.swift in Sources */ = {isa = PBXBuildFile; fileRef = C8E9C2B81CC722D20008B0EF /* ViewController.swift */; };
		C8E9C2BC1CC722D20008B0EF /* Main.storyboard in Resources */ = {isa = PBXBuildFile; fileRef = C8E9C2BA1CC722D20008B0EF /* Main.storyboard */; };
		C8E9C2BE1CC722D20008B0EF /* Assets.xcassets in Resources */ = {isa = PBXBuildFile; fileRef = C8E9C2BD1CC722D20008B0EF /* Assets.xcassets */; };
		C8E9C2C11CC722D20008B0EF /* LaunchScreen.storyboard in Resources */ = {isa = PBXBuildFile; fileRef = C8E9C2BF1CC722D20008B0EF /* LaunchScreen.storyboard */; };
		C8E9C2CC1CC722D20008B0EF /* XibTableTests.swift in Sources */ = {isa = PBXBuildFile; fileRef = C8E9C2CB1CC722D20008B0EF /* XibTableTests.swift */; };
		C8E9C2D81CC722E50008B0EF /* SimpleCustomView.swift in Sources */ = {isa = PBXBuildFile; fileRef = C8E9C2D61CC722E50008B0EF /* SimpleCustomView.swift */; };
		C8E9C2D91CC722E50008B0EF /* SimpleCustomView.xib in Resources */ = {isa = PBXBuildFile; fileRef = C8E9C2D71CC722E50008B0EF /* SimpleCustomView.xib */; };
/* End PBXBuildFile section */

/* Begin PBXContainerItemProxy section */
		C8E9C2C81CC722D20008B0EF /* PBXContainerItemProxy */ = {
			isa = PBXContainerItemProxy;
			containerPortal = C8E9C2AB1CC722D20008B0EF /* Project object */;
			proxyType = 1;
			remoteGlobalIDString = C8E9C2B21CC722D20008B0EF;
			remoteInfo = XibTable;
		};
/* End PBXContainerItemProxy section */

/* Begin PBXFileReference section */
		C8E9C2B31CC722D20008B0EF /* XibTable.app */ = {isa = PBXFileReference; explicitFileType = wrapper.application; includeInIndex = 0; path = XibTable.app; sourceTree = BUILT_PRODUCTS_DIR; };
		C8E9C2B61CC722D20008B0EF /* AppDelegate.swift */ = {isa = PBXFileReference; lastKnownFileType = sourcecode.swift; path = AppDelegate.swift; sourceTree = "<group>"; };
		C8E9C2B81CC722D20008B0EF /* ViewController.swift */ = {isa = PBXFileReference; lastKnownFileType = sourcecode.swift; path = ViewController.swift; sourceTree = "<group>"; };
		C8E9C2BB1CC722D20008B0EF /* Base */ = {isa = PBXFileReference; lastKnownFileType = file.storyboard; name = Base; path = Base.lproj/Main.storyboard; sourceTree = "<group>"; };
		C8E9C2BD1CC722D20008B0EF /* Assets.xcassets */ = {isa = PBXFileReference; lastKnownFileType = folder.assetcatalog; path = Assets.xcassets; sourceTree = "<group>"; };
		C8E9C2C01CC722D20008B0EF /* Base */ = {isa = PBXFileReference; lastKnownFileType = file.storyboard; name = Base; path = Base.lproj/LaunchScreen.storyboard; sourceTree = "<group>"; };
		C8E9C2C21CC722D20008B0EF /* Info.plist */ = {isa = PBXFileReference; lastKnownFileType = text.plist.xml; path = Info.plist; sourceTree = "<group>"; };
		C8E9C2C71CC722D20008B0EF /* XibTableTests.xctest */ = {isa = PBXFileReference; explicitFileType = wrapper.cfbundle; includeInIndex = 0; path = XibTableTests.xctest; sourceTree = BUILT_PRODUCTS_DIR; };
		C8E9C2CB1CC722D20008B0EF /* XibTableTests.swift */ = {isa = PBXFileReference; lastKnownFileType = sourcecode.swift; path = XibTableTests.swift; sourceTree = "<group>"; };
		C8E9C2CD1CC722D20008B0EF /* Info.plist */ = {isa = PBXFileReference; lastKnownFileType = text.plist.xml; path = Info.plist; sourceTree = "<group>"; };
		C8E9C2D61CC722E50008B0EF /* SimpleCustomView.swift */ = {isa = PBXFileReference; fileEncoding = 4; lastKnownFileType = sourcecode.swift; path = SimpleCustomView.swift; sourceTree = "<group>"; };
		C8E9C2D71CC722E50008B0EF /* SimpleCustomView.xib */ = {isa = PBXFileReference; fileEncoding = 4; lastKnownFileType = file.xib; path = SimpleCustomView.xib; sourceTree = "<group>"; };
/* End PBXFileReference section */

/* Begin PBXFrameworksBuildPhase section */
		C8E9C2B01CC722D20008B0EF /* Frameworks */ = {
			isa = PBXFrameworksBuildPhase;
			buildActionMask = 2147483647;
			files = (
			);
			runOnlyForDeploymentPostprocessing = 0;
		};
		C8E9C2C41CC722D20008B0EF /* Frameworks */ = {
			isa = PBXFrameworksBuildPhase;
			buildActionMask = 2147483647;
			files = (
			);
			runOnlyForDeploymentPostprocessing = 0;
		};
/* End PBXFrameworksBuildPhase section */

/* Begin PBXGroup section */
		C8E9C2AA1CC722D20008B0EF = {
			isa = PBXGroup;
			children = (
				C8E9C2B51CC722D20008B0EF /* XibTable */,
				C8E9C2CA1CC722D20008B0EF /* XibTableTests */,
				C8E9C2B41CC722D20008B0EF /* Products */,
			);
			sourceTree = "<group>";
		};
		C8E9C2B41CC722D20008B0EF /* Products */ = {
			isa = PBXGroup;
			children = (
				C8E9C2B31CC722D20008B0EF /* XibTable.app */,
				C8E9C2C71CC722D20008B0EF /* XibTableTests.xctest */,
			);
			name = Products;
			sourceTree = "<group>";
		};
		C8E9C2B51CC722D20008B0EF /* XibTable */ = {
			isa = PBXGroup;
			children = (
				C8E9C2D61CC722E50008B0EF /* SimpleCustomView.swift */,
				C8E9C2D71CC722E50008B0EF /* SimpleCustomView.xib */,
				C8E9C2B61CC722D20008B0EF /* AppDelegate.swift */,
				C8E9C2B81CC722D20008B0EF /* ViewController.swift */,
				C8E9C2BA1CC722D20008B0EF /* Main.storyboard */,
				C8E9C2BD1CC722D20008B0EF /* Assets.xcassets */,
				C8E9C2BF1CC722D20008B0EF /* LaunchScreen.storyboard */,
				C8E9C2C21CC722D20008B0EF /* Info.plist */,
			);
			path = XibTable;
			sourceTree = "<group>";
		};
		C8E9C2CA1CC722D20008B0EF /* XibTableTests */ = {
			isa = PBXGroup;
			children = (
				C8E9C2CB1CC722D20008B0EF /* XibTableTests.swift */,
				C8E9C2CD1CC722D20008B0EF /* Info.plist */,
			);
			path = XibTableTests;
			sourceTree = "<group>";
		};
/* End PBXGroup section */

/* Begin PBXNativeTarget section */
		C8E9C2B21CC722D20008B0EF /* XibTable */ = {
			isa = PBXNativeTarget;
			buildConfigurationList = C8E9C2D01CC722D20008B0EF /* Build configuration list for PBXNativeTarget "XibTable" */;
			buildPhases = (
				C8E9C2AF1CC722D20008B0EF /* Sources */,
				C8E9C2B01CC722D20008B0EF /* Frameworks */,
				C8E9C2B11CC722D20008B0EF /* Resources */,
			);
			buildRules = (
			);
			dependencies = (
			);
			name = XibTable;
			productName = XibTable;
			productReference = C8E9C2B31CC722D20008B0EF /* XibTable.app */;
			productType = "com.apple.product-type.application";
		};
		C8E9C2C61CC722D20008B0EF /* XibTableTests */ = {
			isa = PBXNativeTarget;
			buildConfigurationList = C8E9C2D31CC722D20008B0EF /* Build configuration list for PBXNativeTarget "XibTableTests" */;
			buildPhases = (
				C8E9C2C31CC722D20008B0EF /* Sources */,
				C8E9C2C41CC722D20008B0EF /* Frameworks */,
				C8E9C2C51CC722D20008B0EF /* Resources */,
			);
			buildRules = (
			);
			dependencies = (
				C8E9C2C91CC722D20008B0EF /* PBXTargetDependency */,
			);
			name = XibTableTests;
			productName = XibTableTests;
			productReference = C8E9C2C71CC722D20008B0EF /* XibTableTests.xctest */;
			productType = "com.apple.product-type.bundle.unit-test";
		};
/* End PBXNativeTarget section */

/* Begin PBXProject section */
		C8E9C2AB1CC722D20008B0EF /* Project object */ = {
			isa = PBXProject;
			attributes = {
				LastSwiftUpdateCheck = 0730;
				LastUpgradeCheck = 0730;
				ORGANIZATIONNAME = "Manisha Yeramareddy";
				TargetAttributes = {
					C8E9C2B21CC722D20008B0EF = {
						CreatedOnToolsVersion = 7.3;
					};
					C8E9C2C61CC722D20008B0EF = {
						CreatedOnToolsVersion = 7.3;
						TestTargetID = C8E9C2B21CC722D20008B0EF;
					};
				};
			};
			buildConfigurationList = C8E9C2AE1CC722D20008B0EF /* Build configuration list for PBXProject "XibTable" */;
			compatibilityVersion = "Xcode 3.2";
			developmentRegion = English;
			hasScannedForEncodings = 0;
			knownRegions = (
				en,
				Base,
			);
			mainGroup = C8E9C2AA1CC722D20008B0EF;
			productRefGroup = C8E9C2B41CC722D20008B0EF /* Products */;
			projectDirPath = "";
			projectRoot = "";
			targets = (
				C8E9C2B21CC722D20008B0EF /* XibTable */,
				C8E9C2C61CC722D20008B0EF /* XibTableTests */,
			);
		};
/* End PBXProject section */

/* Begin PBXResourcesBuildPhase section */
		C8E9C2B11CC722D20008B0EF /* Resources */ = {
			isa = PBXResourcesBuildPhase;
			buildActionMask = 2147483647;
			files = (
				C8E9C2C11CC722D20008B0EF /* LaunchScreen.storyboard in Resources */,
				C8E9C2D91CC722E50008B0EF /* SimpleCustomView.xib in Resources */,
				C8E9C2BE1CC722D20008B0EF /* Assets.xcassets in Resources */,
				C8E9C2BC1CC722D20008B0EF /* Main.storyboard in Resources */,
			);
			runOnlyForDeploymentPostprocessing = 0;
		};
		C8E9C2C51CC722D20008B0EF /* Resources */ = {
			isa = PBXResourcesBuildPhase;
			buildActionMask = 2147483647;
			files = (
			);
			runOnlyForDeploymentPostprocessing = 0;
		};
/* End PBXResourcesBuildPhase section */

/* Begin PBXSourcesBuildPhase section */
		C8E9C2AF1CC722D20008B0EF /* Sources */ = {
			isa = PBXSourcesBuildPhase;
			buildActionMask = 2147483647;
			files = (
				C8E9C2D81CC722E50008B0EF /* SimpleCustomView.swift in Sources */,
				C8E9C2B91CC722D20008B0EF /* ViewController.swift in Sources */,
				C8E9C2B71CC722D20008B0EF /* AppDelegate.swift in Sources */,
			);
			runOnlyForDeploymentPostprocessing = 0;
		};
		C8E9C2C31CC722D20008B0EF /* Sources */ = {
			isa = PBXSourcesBuildPhase;
			buildActionMask = 2147483647;
			files = (
				C8E9C2CC1CC722D20008B0EF /* XibTableTests.swift in Sources */,
			);
			runOnlyForDeploymentPostprocessing = 0;
		};
/* End PBXSourcesBuildPhase section */

/* Begin PBXTargetDependency section */
		C8E9C2C91CC722D20008B0EF /* PBXTargetDependency */ = {
			isa = PBXTargetDependency;
			target = C8E9C2B21CC722D20008B0EF /* XibTable */;
			targetProxy = C8E9C2C81CC722D20008B0EF /* PBXContainerItemProxy */;
		};
/* End PBXTargetDependency section */

/* Begin PBXVariantGroup section */
		C8E9C2BA1CC722D20008B0EF /* Main.storyboard */ = {
			isa = PBXVariantGroup;
			children = (
				C8E9C2BB1CC722D20008B0EF /* Base */,
			);
			name = Main.storyboard;
			sourceTree = "<group>";
		};
		C8E9C2BF1CC722D20008B0EF /* LaunchScreen.storyboard */ = {
			isa = PBXVariantGroup;
			children = (
				C8E9C2C01CC722D20008B0EF /* Base */,
			);
			name = LaunchScreen.storyboard;
			sourceTree = "<group>";
		};
/* End PBXVariantGroup section */

/* Begin XCBuildConfiguration section */
		C8E9C2CE1CC722D20008B0EF /* Debug */ = {
			isa = XCBuildConfiguration;
			buildSettings = {
				ALWAYS_SEARCH_USER_PATHS = NO;
				CLANG_ANALYZER_NONNULL = YES;
				CLANG_CXX_LANGUAGE_STANDARD = "gnu++0x";
				CLANG_CXX_LIBRARY = "libc++";
				CLANG_ENABLE_MODULES = YES;
				CLANG_ENABLE_OBJC_ARC = YES;
				CLANG_WARN_BOOL_CONVERSION = YES;
				CLANG_WARN_CONSTANT_CONVERSION = YES;
				CLANG_WARN_DIRECT_OBJC_ISA_USAGE = YES_ERROR;
				CLANG_WARN_EMPTY_BODY = YES;
				CLANG_WARN_ENUM_CONVERSION = YES;
				CLANG_WARN_INT_CONVERSION = YES;
				CLANG_WARN_OBJC_ROOT_CLASS = YES_ERROR;
				CLANG_WARN_UNREACHABLE_CODE = YES;
				CLANG_WARN__DUPLICATE_METHOD_MATCH = YES;
				"CODE_SIGN_IDENTITY[sdk=iphoneos*]" = "iPhone Developer";
				COPY_PHASE_STRIP = NO;
				DEBUG_INFORMATION_FORMAT = dwarf;
				ENABLE_STRICT_OBJC_MSGSEND = YES;
				ENABLE_TESTABILITY = YES;
				GCC_C_LANGUAGE_STANDARD = gnu99;
				GCC_DYNAMIC_NO_PIC = NO;
				GCC_NO_COMMON_BLOCKS = YES;
				GCC_OPTIMIZATION_LEVEL = 0;
				GCC_PREPROCESSOR_DEFINITIONS = (
					"DEBUG=1",
					"$(inherited)",
				);
				GCC_WARN_64_TO_32_BIT_CONVERSION = YES;
				GCC_WARN_ABOUT_RETURN_TYPE = YES_ERROR;
				GCC_WARN_UNDECLARED_SELECTOR = YES;
				GCC_WARN_UNINITIALIZED_AUTOS = YES_AGGRESSIVE;
				GCC_WARN_UNUSED_FUNCTION = YES;
				GCC_WARN_UNUSED_VARIABLE = YES;
				IPHONEOS_DEPLOYMENT_TARGET = 9.3;
				MTL_ENABLE_DEBUG_INFO = YES;
				ONLY_ACTIVE_ARCH = YES;
				SDKROOT = iphoneos;
				SWIFT_OPTIMIZATION_LEVEL = "-Onone";
			};
			name = Debug;
		};
		C8E9C2CF1CC722D20008B0EF /* Release */ = {
			isa = XCBuildConfiguration;
			buildSettings = {
				ALWAYS_SEARCH_USER_PATHS = NO;
				CLANG_ANALYZER_NONNULL = YES;
				CLANG_CXX_LANGUAGE_STANDARD = "gnu++0x";
				CLANG_CXX_LIBRARY = "libc++";
				CLANG_ENABLE_MODULES = YES;
				CLANG_ENABLE_OBJC_ARC = YES;
				CLANG_WARN_BOOL_CONVERSION = YES;
				CLANG_WARN_CONSTANT_CONVERSION = YES;
				CLANG_WARN_DIRECT_OBJC_ISA_USAGE = YES_ERROR;
				CLANG_WARN_EMPTY_BODY = YES;
				CLANG_WARN_ENUM_CONVERSION = YES;
				CLANG_WARN_INT_CONVERSION = YES;
				CLANG_WARN_OBJC_ROOT_CLASS = YES_ERROR;
				CLANG_WARN_UNREACHABLE_CODE = YES;
				CLANG_WARN__DUPLICATE_METHOD_MATCH = YES;
				"CODE_SIGN_IDENTITY[sdk=iphoneos*]" = "iPhone Developer";
				COPY_PHASE_STRIP = NO;
				DEBUG_INFORMATION_FORMAT = "dwarf-with-dsym";
				ENABLE_NS_ASSERTIONS = NO;
				ENABLE_STRICT_OBJC_MSGSEND = YES;
				GCC_C_LANGUAGE_STANDARD = gnu99;
				GCC_NO_COMMON_BLOCKS = YES;
				GCC_WARN_64_TO_32_BIT_CONVERSION = YES;
				GCC_WARN_ABOUT_RETURN_TYPE = YES_ERROR;
				GCC_WARN_UNDECLARED_SELECTOR = YES;
				GCC_WARN_UNINITIALIZED_AUTOS = YES_AGGRESSIVE;
				GCC_WARN_UNUSED_FUNCTION = YES;
				GCC_WARN_UNUSED_VARIABLE = YES;
				IPHONEOS_DEPLOYMENT_TARGET = 9.3;
				MTL_ENABLE_DEBUG_INFO = NO;
				SDKROOT = iphoneos;
				VALIDATE_PRODUCT = YES;
			};
			name = Release;
		};
		C8E9C2D11CC722D20008B0EF /* Debug */ = {
			isa = XCBuildConfiguration;
			buildSettings = {
				ASSETCATALOG_COMPILER_APPICON_NAME = AppIcon;
				INFOPLIST_FILE = XibTable/Info.plist;
				LD_RUNPATH_SEARCH_PATHS = "$(inherited) @executable_path/Frameworks";
				PRODUCT_BUNDLE_IDENTIFIER = words.of.test.XibTable;
				PRODUCT_NAME = "$(TARGET_NAME)";
			};
			name = Debug;
		};
		C8E9C2D21CC722D20008B0EF /* Release */ = {
			isa = XCBuildConfiguration;
			buildSettings = {
				ASSETCATALOG_COMPILER_APPICON_NAME = AppIcon;
				INFOPLIST_FILE = XibTable/Info.plist;
				LD_RUNPATH_SEARCH_PATHS = "$(inherited) @executable_path/Frameworks";
				PRODUCT_BUNDLE_IDENTIFIER = words.of.test.XibTable;
				PRODUCT_NAME = "$(TARGET_NAME)";
			};
			name = Release;
		};
		C8E9C2D41CC722D20008B0EF /* Debug */ = {
			isa = XCBuildConfiguration;
			buildSettings = {
				BUNDLE_LOADER = "$(TEST_HOST)";
				INFOPLIST_FILE = XibTableTests/Info.plist;
				LD_RUNPATH_SEARCH_PATHS = "$(inherited) @executable_path/Frameworks @loader_path/Frameworks";
				PRODUCT_BUNDLE_IDENTIFIER = words.of.test.XibTableTests;
				PRODUCT_NAME = "$(TARGET_NAME)";
				TEST_HOST = "$(BUILT_PRODUCTS_DIR)/XibTable.app/XibTable";
			};
			name = Debug;
		};
		C8E9C2D51CC722D20008B0EF /* Release */ = {
			isa = XCBuildConfiguration;
			buildSettings = {
				BUNDLE_LOADER = "$(TEST_HOST)";
				INFOPLIST_FILE = XibTableTests/Info.plist;
				LD_RUNPATH_SEARCH_PATHS = "$(inherited) @executable_path/Frameworks @loader_path/Frameworks";
				PRODUCT_BUNDLE_IDENTIFIER = words.of.test.XibTableTests;
				PRODUCT_NAME = "$(TARGET_NAME)";
				TEST_HOST = "$(BUILT_PRODUCTS_DIR)/XibTable.app/XibTable";
			};
			name = Release;
		};
/* End XCBuildConfiguration section */

/* Begin XCConfigurationList section */
		C8E9C2AE1CC722D20008B0EF /* Build configuration list for PBXProject "XibTable" */ = {
			isa = XCConfigurationList;
			buildConfigurations = (
				C8E9C2CE1CC722D20008B0EF /* Debug */,
				C8E9C2CF1CC722D20008B0EF /* Release */,
			);
			defaultConfigurationIsVisible = 0;
			defaultConfigurationName = Release;
		};
		C8E9C2D01CC722D20008B0EF /* Build configuration list for PBXNativeTarget "XibTable" */ = {
			isa = XCConfigurationList;
			buildConfigurations = (
				C8E9C2D11CC722D20008B0EF /* Debug */,
				C8E9C2D21CC722D20008B0EF /* Release */,
			);
			defaultConfigurationIsVisible = 0;
		};
		C8E9C2D31CC722D20008B0EF /* Build configuration list for PBXNativeTarget "XibTableTests" */ = {
			isa = XCConfigurationList;
			buildConfigurations = (
				C8E9C2D41CC722D20008B0EF /* Debug */,
				C8E9C2D51CC722D20008B0EF /* Release */,
			);
			defaultConfigurationIsVisible = 0;
		};
/* End XCConfigurationList section */
	};
	rootObject = C8E9C2AB1CC722D20008B0EF /* Project object */;
}
